# THIS IS AN AUTOGENERATED FILE. DO NOT EDIT THIS FILE DIRECTLY.
# yarn lockfile v1


jscodeshift-helper@^1.1.0:
  version "1.1.0"
  resolved "https://registry.yarnpkg.com/jscodeshift-helper/-/jscodeshift-helper-1.1.0.tgz#7ed28b576021517452b938ee02e4edc799c1cbf7"
  integrity sha1-ftKLV2AhUXRSuTjuAuTtx5nBy/c=
